{
  "name": "ajs-hw.-4-platforms.-1-library-use",
  "version": "1.0.0",
  "lockfileVersion": 1,
  "requires": true,
  "dependencies": {
    "@mksinc/ajs-hw.-4-platforms.-1-library": {
      "version": "1.0.0",
      "resolved": "https://npm.pkg.github.com/download/@mksinc/ajs-hw.-4-platforms.-1-library/1.0.0/d2aede816c9ad57cfc2b638ddae0f0b75a268c228a45d3df64a81e31f9ad4faa",
      "integrity": "sha512-F2HeAbxyOeQAtpT/lgDH+wNRdU5YJpvuQfop/JQMWSrpwtVvAjX5kHxyRSYr/zibTMzbGt7vxMv6HfEA1BqGuw=="
    }
  }
}
